// !$*UTF8*$!
{
	archiveVersion = 1;
	classes = {
	};
	objectVersion = 55;
	objects = {

/* Begin PBXBuildFile section */
		336317C79F6858028E6332BC /* Pods_ProductsDemo_ProductsDemoUITests.framework in Frameworks */ = {isa = PBXBuildFile; fileRef = 8D5E8FA4818AF6BD203F3991 /* Pods_ProductsDemo_ProductsDemoUITests.framework */; };
		57355339D03DA03FF4DA6C77 /* Pods_ProductsDemoTests.framework in Frameworks */ = {isa = PBXBuildFile; fileRef = E25D4B4E7108003C7B2435F5 /* Pods_ProductsDemoTests.framework */; };
		C62A6DD5A99DCFBF4E886310 /* Pods_ProductsDemo.framework in Frameworks */ = {isa = PBXBuildFile; fileRef = 8F6057FFA9576700344C8EFD /* Pods_ProductsDemo.framework */; };
		E2B486D2290DEA7700358AB9 /* ProductsDemoApp.swift in Sources */ = {isa = PBXBuildFile; fileRef = E2B486D1290DEA7700358AB9 /* ProductsDemoApp.swift */; };
		E2B486D6290DEA7800358AB9 /* Assets.xcassets in Resources */ = {isa = PBXBuildFile; fileRef = E2B486D5290DEA7800358AB9 /* Assets.xcassets */; };
		E2B486D9290DEA7800358AB9 /* Preview Assets.xcassets in Resources */ = {isa = PBXBuildFile; fileRef = E2B486D8290DEA7800358AB9 /* Preview Assets.xcassets */; };
		E2B486E3290DEA7800358AB9 /* ProductsDemoTests.swift in Sources */ = {isa = PBXBuildFile; fileRef = E2B486E2290DEA7800358AB9 /* ProductsDemoTests.swift */; };
		E2B486ED290DEA7800358AB9 /* ProductsDemoUITests.swift in Sources */ = {isa = PBXBuildFile; fileRef = E2B486EC290DEA7800358AB9 /* ProductsDemoUITests.swift */; };
		E2B486EF290DEA7800358AB9 /* ProductsDemoUITestsLaunchTests.swift in Sources */ = {isa = PBXBuildFile; fileRef = E2B486EE290DEA7800358AB9 /* ProductsDemoUITestsLaunchTests.swift */; };
		E2B486FD290DEB4E00358AB9 /* ProductDao.swift in Sources */ = {isa = PBXBuildFile; fileRef = E2B486FC290DEB4E00358AB9 /* ProductDao.swift */; };
		E2B48700290DEB5E00358AB9 /* CartDao.swift in Sources */ = {isa = PBXBuildFile; fileRef = E2B486FF290DEB5E00358AB9 /* CartDao.swift */; };
		E2B48703290DECD800358AB9 /* ServerProduct.swift in Sources */ = {isa = PBXBuildFile; fileRef = E2B48702290DECD800358AB9 /* ServerProduct.swift */; };
		E2B48705290DEF4000358AB9 /* LocalProductsManager.swift in Sources */ = {isa = PBXBuildFile; fileRef = E2B48704290DEF4000358AB9 /* LocalProductsManager.swift */; };
		E2B48707290DF81200358AB9 /* ServerProductTest.swift in Sources */ = {isa = PBXBuildFile; fileRef = E2B48706290DF81200358AB9 /* ServerProductTest.swift */; };
		E2B48709290DF98000358AB9 /* ProductPageViewModel.swift in Sources */ = {isa = PBXBuildFile; fileRef = E2B48708290DF98000358AB9 /* ProductPageViewModel.swift */; };
		E2B4870C290E007D00358AB9 /* ProductPageView.swift in Sources */ = {isa = PBXBuildFile; fileRef = E2B4870B290E007D00358AB9 /* ProductPageView.swift */; };
		E2B4870F290E07BF00358AB9 /* LocalCartsManager.swift in Sources */ = {isa = PBXBuildFile; fileRef = E2B4870E290E07BF00358AB9 /* LocalCartsManager.swift */; };
		E2B48711290E0B1500358AB9 /* CartsView.swift in Sources */ = {isa = PBXBuildFile; fileRef = E2B48710290E0B1500358AB9 /* CartsView.swift */; };
/* End PBXBuildFile section */

/* Begin PBXContainerItemProxy section */
		E2B486DF290DEA7800358AB9 /* PBXContainerItemProxy */ = {
			isa = PBXContainerItemProxy;
			containerPortal = E2B486C6290DEA7700358AB9 /* Project object */;
			proxyType = 1;
			remoteGlobalIDString = E2B486CD290DEA7700358AB9;
			remoteInfo = ProductsDemo;
		};
		E2B486E9290DEA7800358AB9 /* PBXContainerItemProxy */ = {
			isa = PBXContainerItemProxy;
			containerPortal = E2B486C6290DEA7700358AB9 /* Project object */;
			proxyType = 1;
			remoteGlobalIDString = E2B486CD290DEA7700358AB9;
			remoteInfo = ProductsDemo;
		};
/* End PBXContainerItemProxy section */

/* Begin PBXFileReference section */
		0127AC3E9E283CAEF15EC111 /* Pods-ProductsDemo-ProductsDemoUITests.debug.xcconfig */ = {isa = PBXFileReference; includeInIndex = 1; lastKnownFileType = text.xcconfig; name = "Pods-ProductsDemo-ProductsDemoUITests.debug.xcconfig"; path = "Target Support Files/Pods-ProductsDemo-ProductsDemoUITests/Pods-ProductsDemo-ProductsDemoUITests.debug.xcconfig"; sourceTree = "<group>"; };
		5232BDA64748B023314D268B /* Pods-ProductsDemoTests.release.xcconfig */ = {isa = PBXFileReference; includeInIndex = 1; lastKnownFileType = text.xcconfig; name = "Pods-ProductsDemoTests.release.xcconfig"; path = "Target Support Files/Pods-ProductsDemoTests/Pods-ProductsDemoTests.release.xcconfig"; sourceTree = "<group>"; };
		8D5E8FA4818AF6BD203F3991 /* Pods_ProductsDemo_ProductsDemoUITests.framework */ = {isa = PBXFileReference; explicitFileType = wrapper.framework; includeInIndex = 0; path = Pods_ProductsDemo_ProductsDemoUITests.framework; sourceTree = BUILT_PRODUCTS_DIR; };
		8F6057FFA9576700344C8EFD /* Pods_ProductsDemo.framework */ = {isa = PBXFileReference; explicitFileType = wrapper.framework; includeInIndex = 0; path = Pods_ProductsDemo.framework; sourceTree = BUILT_PRODUCTS_DIR; };
		995DE99B0801BF5372B4102D /* Pods-ProductsDemo-ProductsDemoUITests.release.xcconfig */ = {isa = PBXFileReference; includeInIndex = 1; lastKnownFileType = text.xcconfig; name = "Pods-ProductsDemo-ProductsDemoUITests.release.xcconfig"; path = "Target Support Files/Pods-ProductsDemo-ProductsDemoUITests/Pods-ProductsDemo-ProductsDemoUITests.release.xcconfig"; sourceTree = "<group>"; };
		A075A513BE942F6F8108B1CB /* Pods-ProductsDemo.debug.xcconfig */ = {isa = PBXFileReference; includeInIndex = 1; lastKnownFileType = text.xcconfig; name = "Pods-ProductsDemo.debug.xcconfig"; path = "Target Support Files/Pods-ProductsDemo/Pods-ProductsDemo.debug.xcconfig"; sourceTree = "<group>"; };
		BE7F79B1B2DC3026CB8A4905 /* Pods-ProductsDemo.release.xcconfig */ = {isa = PBXFileReference; includeInIndex = 1; lastKnownFileType = text.xcconfig; name = "Pods-ProductsDemo.release.xcconfig"; path = "Target Support Files/Pods-ProductsDemo/Pods-ProductsDemo.release.xcconfig"; sourceTree = "<group>"; };
		E25D4B4E7108003C7B2435F5 /* Pods_ProductsDemoTests.framework */ = {isa = PBXFileReference; explicitFileType = wrapper.framework; includeInIndex = 0; path = Pods_ProductsDemoTests.framework; sourceTree = BUILT_PRODUCTS_DIR; };
		E2B486CE290DEA7700358AB9 /* ProductsDemo.app */ = {isa = PBXFileReference; explicitFileType = wrapper.application; includeInIndex = 0; path = ProductsDemo.app; sourceTree = BUILT_PRODUCTS_DIR; };
		E2B486D1290DEA7700358AB9 /* ProductsDemoApp.swift */ = {isa = PBXFileReference; lastKnownFileType = sourcecode.swift; path = ProductsDemoApp.swift; sourceTree = "<group>"; };
		E2B486D5290DEA7800358AB9 /* Assets.xcassets */ = {isa = PBXFileReference; lastKnownFileType = folder.assetcatalog; path = Assets.xcassets; sourceTree = "<group>"; };
		E2B486D8290DEA7800358AB9 /* Preview Assets.xcassets */ = {isa = PBXFileReference; lastKnownFileType = folder.assetcatalog; path = "Preview Assets.xcassets"; sourceTree = "<group>"; };
		E2B486DE290DEA7800358AB9 /* ProductsDemoTests.xctest */ = {isa = PBXFileReference; explicitFileType = wrapper.cfbundle; includeInIndex = 0; path = ProductsDemoTests.xctest; sourceTree = BUILT_PRODUCTS_DIR; };
		E2B486E2290DEA7800358AB9 /* ProductsDemoTests.swift */ = {isa = PBXFileReference; lastKnownFileType = sourcecode.swift; path = ProductsDemoTests.swift; sourceTree = "<group>"; };
		E2B486E8290DEA7800358AB9 /* ProductsDemoUITests.xctest */ = {isa = PBXFileReference; explicitFileType = wrapper.cfbundle; includeInIndex = 0; path = ProductsDemoUITests.xctest; sourceTree = BUILT_PRODUCTS_DIR; };
		E2B486EC290DEA7800358AB9 /* ProductsDemoUITests.swift */ = {isa = PBXFileReference; lastKnownFileType = sourcecode.swift; path = ProductsDemoUITests.swift; sourceTree = "<group>"; };
		E2B486EE290DEA7800358AB9 /* ProductsDemoUITestsLaunchTests.swift */ = {isa = PBXFileReference; lastKnownFileType = sourcecode.swift; path = ProductsDemoUITestsLaunchTests.swift; sourceTree = "<group>"; };
		E2B486FC290DEB4E00358AB9 /* ProductDao.swift */ = {isa = PBXFileReference; lastKnownFileType = sourcecode.swift; path = ProductDao.swift; sourceTree = "<group>"; };
		E2B486FF290DEB5E00358AB9 /* CartDao.swift */ = {isa = PBXFileReference; lastKnownFileType = sourcecode.swift; path = CartDao.swift; sourceTree = "<group>"; };
		E2B48702290DECD800358AB9 /* ServerProduct.swift */ = {isa = PBXFileReference; lastKnownFileType = sourcecode.swift; path = ServerProduct.swift; sourceTree = "<group>"; };
		E2B48704290DEF4000358AB9 /* LocalProductsManager.swift */ = {isa = PBXFileReference; lastKnownFileType = sourcecode.swift; path = LocalProductsManager.swift; sourceTree = "<group>"; };
		E2B48706290DF81200358AB9 /* ServerProductTest.swift */ = {isa = PBXFileReference; lastKnownFileType = sourcecode.swift; path = ServerProductTest.swift; sourceTree = "<group>"; };
		E2B48708290DF98000358AB9 /* ProductPageViewModel.swift */ = {isa = PBXFileReference; lastKnownFileType = sourcecode.swift; path = ProductPageViewModel.swift; sourceTree = "<group>"; };
		E2B4870B290E007D00358AB9 /* ProductPageView.swift */ = {isa = PBXFileReference; lastKnownFileType = sourcecode.swift; path = ProductPageView.swift; sourceTree = "<group>"; };
		E2B4870E290E07BF00358AB9 /* LocalCartsManager.swift */ = {isa = PBXFileReference; lastKnownFileType = sourcecode.swift; path = LocalCartsManager.swift; sourceTree = "<group>"; };
		E2B48710290E0B1500358AB9 /* CartsView.swift */ = {isa = PBXFileReference; lastKnownFileType = sourcecode.swift; path = CartsView.swift; sourceTree = "<group>"; };
		ED89C4E1D1AFC509C06931A2 /* Pods-ProductsDemoTests.debug.xcconfig */ = {isa = PBXFileReference; includeInIndex = 1; lastKnownFileType = text.xcconfig; name = "Pods-ProductsDemoTests.debug.xcconfig"; path = "Target Support Files/Pods-ProductsDemoTests/Pods-ProductsDemoTests.debug.xcconfig"; sourceTree = "<group>"; };
/* End PBXFileReference section */

/* Begin PBXFrameworksBuildPhase section */
		E2B486CB290DEA7700358AB9 /* Frameworks */ = {
			isa = PBXFrameworksBuildPhase;
			buildActionMask = 2147483647;
			files = (
				C62A6DD5A99DCFBF4E886310 /* Pods_ProductsDemo.framework in Frameworks */,
			);
			runOnlyForDeploymentPostprocessing = 0;
		};
		E2B486DB290DEA7800358AB9 /* Frameworks */ = {
			isa = PBXFrameworksBuildPhase;
			buildActionMask = 2147483647;
			files = (
				57355339D03DA03FF4DA6C77 /* Pods_ProductsDemoTests.framework in Frameworks */,
			);
			runOnlyForDeploymentPostprocessing = 0;
		};
		E2B486E5290DEA7800358AB9 /* Frameworks */ = {
			isa = PBXFrameworksBuildPhase;
			buildActionMask = 2147483647;
			files = (
				336317C79F6858028E6332BC /* Pods_ProductsDemo_ProductsDemoUITests.framework in Frameworks */,
			);
			runOnlyForDeploymentPostprocessing = 0;
		};
/* End PBXFrameworksBuildPhase section */

/* Begin PBXGroup section */
		36FF132F304526BC0F9083F7 /* Pods */ = {
			isa = PBXGroup;
			children = (
				A075A513BE942F6F8108B1CB /* Pods-ProductsDemo.debug.xcconfig */,
				BE7F79B1B2DC3026CB8A4905 /* Pods-ProductsDemo.release.xcconfig */,
				0127AC3E9E283CAEF15EC111 /* Pods-ProductsDemo-ProductsDemoUITests.debug.xcconfig */,
				995DE99B0801BF5372B4102D /* Pods-ProductsDemo-ProductsDemoUITests.release.xcconfig */,
				ED89C4E1D1AFC509C06931A2 /* Pods-ProductsDemoTests.debug.xcconfig */,
				5232BDA64748B023314D268B /* Pods-ProductsDemoTests.release.xcconfig */,
			);
			path = Pods;
			sourceTree = "<group>";
		};
		48184BE6E71D91B043A58C67 /* Frameworks */ = {
			isa = PBXGroup;
			children = (
				8F6057FFA9576700344C8EFD /* Pods_ProductsDemo.framework */,
				8D5E8FA4818AF6BD203F3991 /* Pods_ProductsDemo_ProductsDemoUITests.framework */,
				E25D4B4E7108003C7B2435F5 /* Pods_ProductsDemoTests.framework */,
			);
			name = Frameworks;
			sourceTree = "<group>";
		};
		E2B486C5290DEA7700358AB9 = {
			isa = PBXGroup;
			children = (
				E2B486D0290DEA7700358AB9 /* ProductsDemo */,
				E2B486E1290DEA7800358AB9 /* ProductsDemoTests */,
				E2B486EB290DEA7800358AB9 /* ProductsDemoUITests */,
				E2B486CF290DEA7700358AB9 /* Products */,
				36FF132F304526BC0F9083F7 /* Pods */,
				48184BE6E71D91B043A58C67 /* Frameworks */,
			);
			sourceTree = "<group>";
		};
		E2B486CF290DEA7700358AB9 /* Products */ = {
			isa = PBXGroup;
			children = (
				E2B486CE290DEA7700358AB9 /* ProductsDemo.app */,
				E2B486DE290DEA7800358AB9 /* ProductsDemoTests.xctest */,
				E2B486E8290DEA7800358AB9 /* ProductsDemoUITests.xctest */,
			);
			name = Products;
			sourceTree = "<group>";
		};
		E2B486D0290DEA7700358AB9 /* ProductsDemo */ = {
			isa = PBXGroup;
			children = (
				E2B4870D290E008300358AB9 /* View */,
				E2B4870A290DF98900358AB9 /* ViewModel */,
				E2B486FB290DEB4200358AB9 /* Model */,
				E2B486D1290DEA7700358AB9 /* ProductsDemoApp.swift */,
				E2B486D5290DEA7800358AB9 /* Assets.xcassets */,
				E2B486D7290DEA7800358AB9 /* Preview Content */,
			);
			path = ProductsDemo;
			sourceTree = "<group>";
		};
		E2B486D7290DEA7800358AB9 /* Preview Content */ = {
			isa = PBXGroup;
			children = (
				E2B486D8290DEA7800358AB9 /* Preview Assets.xcassets */,
			);
			path = "Preview Content";
			sourceTree = "<group>";
		};
		E2B486E1290DEA7800358AB9 /* ProductsDemoTests */ = {
			isa = PBXGroup;
			children = (
				E2B486E2290DEA7800358AB9 /* ProductsDemoTests.swift */,
				E2B48706290DF81200358AB9 /* ServerProductTest.swift */,
			);
			path = ProductsDemoTests;
			sourceTree = "<group>";
		};
		E2B486EB290DEA7800358AB9 /* ProductsDemoUITests */ = {
			isa = PBXGroup;
			children = (
				E2B486EC290DEA7800358AB9 /* ProductsDemoUITests.swift */,
				E2B486EE290DEA7800358AB9 /* ProductsDemoUITestsLaunchTests.swift */,
			);
			path = ProductsDemoUITests;
			sourceTree = "<group>";
		};
		E2B486FB290DEB4200358AB9 /* Model */ = {
			isa = PBXGroup;
			children = (
				E2B48701290DECC100358AB9 /* ServerObject */,
				E2B486FE290DEB5300358AB9 /* Dao */,
			);
			path = Model;
			sourceTree = "<group>";
		};
		E2B486FE290DEB5300358AB9 /* Dao */ = {
			isa = PBXGroup;
			children = (
				E2B486FC290DEB4E00358AB9 /* ProductDao.swift */,
				E2B486FF290DEB5E00358AB9 /* CartDao.swift */,
				E2B48704290DEF4000358AB9 /* LocalProductsManager.swift */,
				E2B4870E290E07BF00358AB9 /* LocalCartsManager.swift */,
			);
			path = Dao;
			sourceTree = "<group>";
		};
		E2B48701290DECC100358AB9 /* ServerObject */ = {
			isa = PBXGroup;
			children = (
				E2B48702290DECD800358AB9 /* ServerProduct.swift */,
			);
			path = ServerObject;
			sourceTree = "<group>";
		};
		E2B4870A290DF98900358AB9 /* ViewModel */ = {
			isa = PBXGroup;
			children = (
				E2B48708290DF98000358AB9 /* ProductPageViewModel.swift */,
			);
			path = ViewModel;
			sourceTree = "<group>";
		};
		E2B4870D290E008300358AB9 /* View */ = {
			isa = PBXGroup;
			children = (
				E2B4870B290E007D00358AB9 /* ProductPageView.swift */,
				E2B48710290E0B1500358AB9 /* CartsView.swift */,
			);
			path = View;
			sourceTree = "<group>";
		};
/* End PBXGroup section */

/* Begin PBXNativeTarget section */
		E2B486CD290DEA7700358AB9 /* ProductsDemo */ = {
			isa = PBXNativeTarget;
			buildConfigurationList = E2B486F2290DEA7800358AB9 /* Build configuration list for PBXNativeTarget "ProductsDemo" */;
			buildPhases = (
				65F23FA11CE027AF0F7BDF53 /* [CP] Check Pods Manifest.lock */,
				E2B486CA290DEA7700358AB9 /* Sources */,
				E2B486CB290DEA7700358AB9 /* Frameworks */,
				E2B486CC290DEA7700358AB9 /* Resources */,
				02F023D436D0C4BAA654BC04 /* [CP] Embed Pods Frameworks */,
			);
			buildRules = (
			);
			dependencies = (
			);
			name = ProductsDemo;
			productName = ProductsDemo;
			productReference = E2B486CE290DEA7700358AB9 /* ProductsDemo.app */;
			productType = "com.apple.product-type.application";
		};
		E2B486DD290DEA7800358AB9 /* ProductsDemoTests */ = {
			isa = PBXNativeTarget;
			buildConfigurationList = E2B486F5290DEA7800358AB9 /* Build configuration list for PBXNativeTarget "ProductsDemoTests" */;
			buildPhases = (
				094A42314C8CE16B87C90BCD /* [CP] Check Pods Manifest.lock */,
				E2B486DA290DEA7800358AB9 /* Sources */,
				E2B486DB290DEA7800358AB9 /* Frameworks */,
				E2B486DC290DEA7800358AB9 /* Resources */,
			);
			buildRules = (
			);
			dependencies = (
				E2B486E0290DEA7800358AB9 /* PBXTargetDependency */,
			);
			name = ProductsDemoTests;
			productName = ProductsDemoTests;
			productReference = E2B486DE290DEA7800358AB9 /* ProductsDemoTests.xctest */;
			productType = "com.apple.product-type.bundle.unit-test";
		};
		E2B486E7290DEA7800358AB9 /* ProductsDemoUITests */ = {
			isa = PBXNativeTarget;
			buildConfigurationList = E2B486F8290DEA7800358AB9 /* Build configuration list for PBXNativeTarget "ProductsDemoUITests" */;
			buildPhases = (
				B414E12B60717FAFE5F4DA25 /* [CP] Check Pods Manifest.lock */,
				E2B486E4290DEA7800358AB9 /* Sources */,
				E2B486E5290DEA7800358AB9 /* Frameworks */,
				E2B486E6290DEA7800358AB9 /* Resources */,
				BDB0EFEA71F124962D319AB6 /* [CP] Embed Pods Frameworks */,
			);
			buildRules = (
			);
			dependencies = (
				E2B486EA290DEA7800358AB9 /* PBXTargetDependency */,
			);
			name = ProductsDemoUITests;
			productName = ProductsDemoUITests;
			productReference = E2B486E8290DEA7800358AB9 /* ProductsDemoUITests.xctest */;
			productType = "com.apple.product-type.bundle.ui-testing";
		};
/* End PBXNativeTarget section */

/* Begin PBXProject section */
		E2B486C6290DEA7700358AB9 /* Project object */ = {
			isa = PBXProject;
			attributes = {
				BuildIndependentTargetsInParallel = 1;
				LastSwiftUpdateCheck = 1400;
				LastUpgradeCheck = 1400;
				TargetAttributes = {
					E2B486CD290DEA7700358AB9 = {
						CreatedOnToolsVersion = 14.0.1;
					};
					E2B486DD290DEA7800358AB9 = {
						CreatedOnToolsVersion = 14.0.1;
						TestTargetID = E2B486CD290DEA7700358AB9;
					};
					E2B486E7290DEA7800358AB9 = {
						CreatedOnToolsVersion = 14.0.1;
						TestTargetID = E2B486CD290DEA7700358AB9;
					};
				};
			};
			buildConfigurationList = E2B486C9290DEA7700358AB9 /* Build configuration list for PBXProject "ProductsDemo" */;
			compatibilityVersion = "Xcode 13.0";
			developmentRegion = en;
			hasScannedForEncodings = 0;
			knownRegions = (
				en,
				Base,
			);
			mainGroup = E2B486C5290DEA7700358AB9;
			productRefGroup = E2B486CF290DEA7700358AB9 /* Products */;
			projectDirPath = "";
			projectRoot = "";
			targets = (
				E2B486CD290DEA7700358AB9 /* ProductsDemo */,
				E2B486DD290DEA7800358AB9 /* ProductsDemoTests */,
				E2B486E7290DEA7800358AB9 /* ProductsDemoUITests */,
			);
		};
/* End PBXProject section */

/* Begin PBXResourcesBuildPhase section */
		E2B486CC290DEA7700358AB9 /* Resources */ = {
			isa = PBXResourcesBuildPhase;
			buildActionMask = 2147483647;
			files = (
				E2B486D9290DEA7800358AB9 /* Preview Assets.xcassets in Resources */,
				E2B486D6290DEA7800358AB9 /* Assets.xcassets in Resources */,
			);
			runOnlyForDeploymentPostprocessing = 0;
		};
		E2B486DC290DEA7800358AB9 /* Resources */ = {
			isa = PBXResourcesBuildPhase;
			buildActionMask = 2147483647;
			files = (
			);
			runOnlyForDeploymentPostprocessing = 0;
		};
		E2B486E6290DEA7800358AB9 /* Resources */ = {
			isa = PBXResourcesBuildPhase;
			buildActionMask = 2147483647;
			files = (
			);
			runOnlyForDeploymentPostprocessing = 0;
		};
/* End PBXResourcesBuildPhase section */

/* Begin PBXShellScriptBuildPhase section */
		02F023D436D0C4BAA654BC04 /* [CP] Embed Pods Frameworks */ = {
			isa = PBXShellScriptBuildPhase;
			buildActionMask = 2147483647;
			files = (
			);
			inputFileListPaths = (
				"${PODS_ROOT}/Target Support Files/Pods-ProductsDemo/Pods-ProductsDemo-frameworks-${CONFIGURATION}-input-files.xcfilelist",
			);
			name = "[CP] Embed Pods Frameworks";
			outputFileListPaths = (
				"${PODS_ROOT}/Target Support Files/Pods-ProductsDemo/Pods-ProductsDemo-frameworks-${CONFIGURATION}-output-files.xcfilelist",
			);
			runOnlyForDeploymentPostprocessing = 0;
			shellPath = /bin/sh;
			shellScript = "\"${PODS_ROOT}/Target Support Files/Pods-ProductsDemo/Pods-ProductsDemo-frameworks.sh\"\n";
			showEnvVarsInLog = 0;
		};
		094A42314C8CE16B87C90BCD /* [CP] Check Pods Manifest.lock */ = {
			isa = PBXShellScriptBuildPhase;
			buildActionMask = 2147483647;
			files = (
			);
			inputFileListPaths = (
			);
			inputPaths = (
				"${PODS_PODFILE_DIR_PATH}/Podfile.lock",
				"${PODS_ROOT}/Manifest.lock",
			);
			name = "[CP] Check Pods Manifest.lock";
			outputFileListPaths = (
			);
			outputPaths = (
				"$(DERIVED_FILE_DIR)/Pods-ProductsDemoTests-checkManifestLockResult.txt",
			);
			runOnlyForDeploymentPostprocessing = 0;
			shellPath = /bin/sh;
			shellScript = "diff \"${PODS_PODFILE_DIR_PATH}/Podfile.lock\" \"${PODS_ROOT}/Manifest.lock\" > /dev/null\nif [ $? != 0 ] ; then\n    # print error to STDERR\n    echo \"error: The sandbox is not in sync with the Podfile.lock. Run 'pod install' or update your CocoaPods installation.\" >&2\n    exit 1\nfi\n# This output is used by Xcode 'outputs' to avoid re-running this script phase.\necho \"SUCCESS\" > \"${SCRIPT_OUTPUT_FILE_0}\"\n";
			showEnvVarsInLog = 0;
		};
		65F23FA11CE027AF0F7BDF53 /* [CP] Check Pods Manifest.lock */ = {
			isa = PBXShellScriptBuildPhase;
			buildActionMask = 2147483647;
			files = (
			);
			inputFileListPaths = (
			);
			inputPaths = (
				"${PODS_PODFILE_DIR_PATH}/Podfile.lock",
				"${PODS_ROOT}/Manifest.lock",
			);
			name = "[CP] Check Pods Manifest.lock";
			outputFileListPaths = (
			);
			outputPaths = (
				"$(DERIVED_FILE_DIR)/Pods-ProductsDemo-checkManifestLockResult.txt",
			);
			runOnlyForDeploymentPostprocessing = 0;
			shellPath = /bin/sh;
			shellScript = "diff \"${PODS_PODFILE_DIR_PATH}/Podfile.lock\" \"${PODS_ROOT}/Manifest.lock\" > /dev/null\nif [ $? != 0 ] ; then\n    # print error to STDERR\n    echo \"error: The sandbox is not in sync with the Podfile.lock. Run 'pod install' or update your CocoaPods installation.\" >&2\n    exit 1\nfi\n# This output is used by Xcode 'outputs' to avoid re-running this script phase.\necho \"SUCCESS\" > \"${SCRIPT_OUTPUT_FILE_0}\"\n";
			showEnvVarsInLog = 0;
		};
		B414E12B60717FAFE5F4DA25 /* [CP] Check Pods Manifest.lock */ = {
			isa = PBXShellScriptBuildPhase;
			buildActionMask = 2147483647;
			files = (
			);
			inputFileListPaths = (
			);
			inputPaths = (
				"${PODS_PODFILE_DIR_PATH}/Podfile.lock",
				"${PODS_ROOT}/Manifest.lock",
			);
			name = "[CP] Check Pods Manifest.lock";
			outputFileListPaths = (
			);
			outputPaths = (
				"$(DERIVED_FILE_DIR)/Pods-ProductsDemo-ProductsDemoUITests-checkManifestLockResult.txt",
			);
			runOnlyForDeploymentPostprocessing = 0;
			shellPath = /bin/sh;
			shellScript = "diff \"${PODS_PODFILE_DIR_PATH}/Podfile.lock\" \"${PODS_ROOT}/Manifest.lock\" > /dev/null\nif [ $? != 0 ] ; then\n    # print error to STDERR\n    echo \"error: The sandbox is not in sync with the Podfile.lock. Run 'pod install' or update your CocoaPods installation.\" >&2\n    exit 1\nfi\n# This output is used by Xcode 'outputs' to avoid re-running this script phase.\necho \"SUCCESS\" > \"${SCRIPT_OUTPUT_FILE_0}\"\n";
			showEnvVarsInLog = 0;
		};
		BDB0EFEA71F124962D319AB6 /* [CP] Embed Pods Frameworks */ = {
			isa = PBXShellScriptBuildPhase;
			buildActionMask = 2147483647;
			files = (
			);
			inputFileListPaths = (
				"${PODS_ROOT}/Target Support Files/Pods-ProductsDemo-ProductsDemoUITests/Pods-ProductsDemo-ProductsDemoUITests-frameworks-${CONFIGURATION}-input-files.xcfilelist",
			);
			name = "[CP] Embed Pods Frameworks";
			outputFileListPaths = (
				"${PODS_ROOT}/Target Support Files/Pods-ProductsDemo-ProductsDemoUITests/Pods-ProductsDemo-ProductsDemoUITests-frameworks-${CONFIGURATION}-output-files.xcfilelist",
			);
			runOnlyForDeploymentPostprocessing = 0;
			shellPath = /bin/sh;
			shellScript = "\"${PODS_ROOT}/Target Support Files/Pods-ProductsDemo-ProductsDemoUITests/Pods-ProductsDemo-ProductsDemoUITests-frameworks.sh\"\n";
			showEnvVarsInLog = 0;
		};
/* End PBXShellScriptBuildPhase section */

/* Begin PBXSourcesBuildPhase section */
		E2B486CA290DEA7700358AB9 /* Sources */ = {
			isa = PBXSourcesBuildPhase;
			buildActionMask = 2147483647;
			files = (
				E2B486FD290DEB4E00358AB9 /* ProductDao.swift in Sources */,
				E2B4870C290E007D00358AB9 /* ProductPageView.swift in Sources */,
				E2B48703290DECD800358AB9 /* ServerProduct.swift in Sources */,
				E2B48709290DF98000358AB9 /* ProductPageViewModel.swift in Sources */,
				E2B48700290DEB5E00358AB9 /* CartDao.swift in Sources */,
				E2B4870F290E07BF00358AB9 /* LocalCartsManager.swift in Sources */,
				E2B486D2290DEA7700358AB9 /* ProductsDemoApp.swift in Sources */,
				E2B48711290E0B1500358AB9 /* CartsView.swift in Sources */,
				E2B48705290DEF4000358AB9 /* LocalProductsManager.swift in Sources */,
			);
			runOnlyForDeploymentPostprocessing = 0;
		};
		E2B486DA290DEA7800358AB9 /* Sources */ = {
			isa = PBXSourcesBuildPhase;
			buildActionMask = 2147483647;
			files = (
				E2B48707290DF81200358AB9 /* ServerProductTest.swift in Sources */,
				E2B486E3290DEA7800358AB9 /* ProductsDemoTests.swift in Sources */,
			);
			runOnlyForDeploymentPostprocessing = 0;
		};
		E2B486E4290DEA7800358AB9 /* Sources */ = {
			isa = PBXSourcesBuildPhase;
			buildActionMask = 2147483647;
			files = (
				E2B486ED290DEA7800358AB9 /* ProductsDemoUITests.swift in Sources */,
				E2B486EF290DEA7800358AB9 /* ProductsDemoUITestsLaunchTests.swift in Sources */,
			);
			runOnlyForDeploymentPostprocessing = 0;
		};
/* End PBXSourcesBuildPhase section */

/* Begin PBXTargetDependency section */
		E2B486E0290DEA7800358AB9 /* PBXTargetDependency */ = {
			isa = PBXTargetDependency;
			target = E2B486CD290DEA7700358AB9 /* ProductsDemo */;
			targetProxy = E2B486DF290DEA7800358AB9 /* PBXContainerItemProxy */;
		};
		E2B486EA290DEA7800358AB9 /* PBXTargetDependency */ = {
			isa = PBXTargetDependency;
			target = E2B486CD290DEA7700358AB9 /* ProductsDemo */;
			targetProxy = E2B486E9290DEA7800358AB9 /* PBXContainerItemProxy */;
		};
/* End PBXTargetDependency section */

/* Begin XCBuildConfiguration section */
		E2B486F0290DEA7800358AB9 /* Debug */ = {
			isa = XCBuildConfiguration;
			buildSettings = {
				ALWAYS_SEARCH_USER_PATHS = NO;
				CLANG_ANALYZER_NONNULL = YES;
				CLANG_ANALYZER_NUMBER_OBJECT_CONVERSION = YES_AGGRESSIVE;
				CLANG_CXX_LANGUAGE_STANDARD = "gnu++20";
				CLANG_ENABLE_MODULES = YES;
				CLANG_ENABLE_OBJC_ARC = YES;
				CLANG_ENABLE_OBJC_WEAK = YES;
				CLANG_WARN_BLOCK_CAPTURE_AUTORELEASING = YES;
				CLANG_WARN_BOOL_CONVERSION = YES;
				CLANG_WARN_COMMA = YES;
				CLANG_WARN_CONSTANT_CONVERSION = YES;
				CLANG_WARN_DEPRECATED_OBJC_IMPLEMENTATIONS = YES;
				CLANG_WARN_DIRECT_OBJC_ISA_USAGE = YES_ERROR;
				CLANG_WARN_DOCUMENTATION_COMMENTS = YES;
				CLANG_WARN_EMPTY_BODY = YES;
				CLANG_WARN_ENUM_CONVERSION = YES;
				CLANG_WARN_INFINITE_RECURSION = YES;
				CLANG_WARN_INT_CONVERSION = YES;
				CLANG_WARN_NON_LITERAL_NULL_CONVERSION = YES;
				CLANG_WARN_OBJC_IMPLICIT_RETAIN_SELF = YES;
				CLANG_WARN_OBJC_LITERAL_CONVERSION = YES;
				CLANG_WARN_OBJC_ROOT_CLASS = YES_ERROR;
				CLANG_WARN_QUOTED_INCLUDE_IN_FRAMEWORK_HEADER = YES;
				CLANG_WARN_RANGE_LOOP_ANALYSIS = YES;
				CLANG_WARN_STRICT_PROTOTYPES = YES;
				CLANG_WARN_SUSPICIOUS_MOVE = YES;
				CLANG_WARN_UNGUARDED_AVAILABILITY = YES_AGGRESSIVE;
				CLANG_WARN_UNREACHABLE_CODE = YES;
				CLANG_WARN__DUPLICATE_METHOD_MATCH = YES;
				COPY_PHASE_STRIP = NO;
				DEBUG_INFORMATION_FORMAT = dwarf;
				ENABLE_STRICT_OBJC_MSGSEND = YES;
				ENABLE_TESTABILITY = YES;
				GCC_C_LANGUAGE_STANDARD = gnu11;
				GCC_DYNAMIC_NO_PIC = NO;
				GCC_NO_COMMON_BLOCKS = YES;
				GCC_OPTIMIZATION_LEVEL = 0;
				GCC_PREPROCESSOR_DEFINITIONS = (
					"DEBUG=1",
					"$(inherited)",
				);
				GCC_WARN_64_TO_32_BIT_CONVERSION = YES;
				GCC_WARN_ABOUT_RETURN_TYPE = YES_ERROR;
				GCC_WARN_UNDECLARED_SELECTOR = YES;
				GCC_WARN_UNINITIALIZED_AUTOS = YES_AGGRESSIVE;
				GCC_WARN_UNUSED_FUNCTION = YES;
				GCC_WARN_UNUSED_VARIABLE = YES;
				IPHONEOS_DEPLOYMENT_TARGET = 16.0;
				MTL_ENABLE_DEBUG_INFO = INCLUDE_SOURCE;
				MTL_FAST_MATH = YES;
				ONLY_ACTIVE_ARCH = YES;
				SDKROOT = iphoneos;
				SWIFT_ACTIVE_COMPILATION_CONDITIONS = DEBUG;
				SWIFT_OPTIMIZATION_LEVEL = "-Onone";
			};
			name = Debug;
		};
		E2B486F1290DEA7800358AB9 /* Release */ = {
			isa = XCBuildConfiguration;
			buildSettings = {
				ALWAYS_SEARCH_USER_PATHS = NO;
				CLANG_ANALYZER_NONNULL = YES;
				CLANG_ANALYZER_NUMBER_OBJECT_CONVERSION = YES_AGGRESSIVE;
				CLANG_CXX_LANGUAGE_STANDARD = "gnu++20";
				CLANG_ENABLE_MODULES = YES;
				CLANG_ENABLE_OBJC_ARC = YES;
				CLANG_ENABLE_OBJC_WEAK = YES;
				CLANG_WARN_BLOCK_CAPTURE_AUTORELEASING = YES;
				CLANG_WARN_BOOL_CONVERSION = YES;
				CLANG_WARN_COMMA = YES;
				CLANG_WARN_CONSTANT_CONVERSION = YES;
				CLANG_WARN_DEPRECATED_OBJC_IMPLEMENTATIONS = YES;
				CLANG_WARN_DIRECT_OBJC_ISA_USAGE = YES_ERROR;
				CLANG_WARN_DOCUMENTATION_COMMENTS = YES;
				CLANG_WARN_EMPTY_BODY = YES;
				CLANG_WARN_ENUM_CONVERSION = YES;
				CLANG_WARN_INFINITE_RECURSION = YES;
				CLANG_WARN_INT_CONVERSION = YES;
				CLANG_WARN_NON_LITERAL_NULL_CONVERSION = YES;
				CLANG_WARN_OBJC_IMPLICIT_RETAIN_SELF = YES;
				CLANG_WARN_OBJC_LITERAL_CONVERSION = YES;
				CLANG_WARN_OBJC_ROOT_CLASS = YES_ERROR;
				CLANG_WARN_QUOTED_INCLUDE_IN_FRAMEWORK_HEADER = YES;
				CLANG_WARN_RANGE_LOOP_ANALYSIS = YES;
				CLANG_WARN_STRICT_PROTOTYPES = YES;
				CLANG_WARN_SUSPICIOUS_MOVE = YES;
				CLANG_WARN_UNGUARDED_AVAILABILITY = YES_AGGRESSIVE;
				CLANG_WARN_UNREACHABLE_CODE = YES;
				CLANG_WARN__DUPLICATE_METHOD_MATCH = YES;
				COPY_PHASE_STRIP = NO;
				DEBUG_INFORMATION_FORMAT = "dwarf-with-dsym";
				ENABLE_NS_ASSERTIONS = NO;
				ENABLE_STRICT_OBJC_MSGSEND = YES;
				GCC_C_LANGUAGE_STANDARD = gnu11;
				GCC_NO_COMMON_BLOCKS = YES;
				GCC_WARN_64_TO_32_BIT_CONVERSION = YES;
				GCC_WARN_ABOUT_RETURN_TYPE = YES_ERROR;
				GCC_WARN_UNDECLARED_SELECTOR = YES;
				GCC_WARN_UNINITIALIZED_AUTOS = YES_AGGRESSIVE;
				GCC_WARN_UNUSED_FUNCTION = YES;
				GCC_WARN_UNUSED_VARIABLE = YES;
				IPHONEOS_DEPLOYMENT_TARGET = 16.0;
				MTL_ENABLE_DEBUG_INFO = NO;
				MTL_FAST_MATH = YES;
				SDKROOT = iphoneos;
				SWIFT_COMPILATION_MODE = wholemodule;
				SWIFT_OPTIMIZATION_LEVEL = "-O";
				VALIDATE_PRODUCT = YES;
			};
			name = Release;
		};
		E2B486F3290DEA7800358AB9 /* Debug */ = {
			isa = XCBuildConfiguration;
			baseConfigurationReference = A075A513BE942F6F8108B1CB /* Pods-ProductsDemo.debug.xcconfig */;
			buildSettings = {
				ASSETCATALOG_COMPILER_APPICON_NAME = AppIcon;
				ASSETCATALOG_COMPILER_GLOBAL_ACCENT_COLOR_NAME = AccentColor;
				CODE_SIGN_STYLE = Automatic;
				CURRENT_PROJECT_VERSION = 1;
				DEVELOPMENT_ASSET_PATHS = "\"ProductsDemo/Preview Content\"";
				DEVELOPMENT_TEAM = 2Z23YJK7V9;
				ENABLE_PREVIEWS = YES;
				GENERATE_INFOPLIST_FILE = YES;
				INFOPLIST_KEY_UIApplicationSceneManifest_Generation = YES;
				INFOPLIST_KEY_UIApplicationSupportsIndirectInputEvents = YES;
				INFOPLIST_KEY_UILaunchScreen_Generation = YES;
				INFOPLIST_KEY_UISupportedInterfaceOrientations_iPad = "UIInterfaceOrientationPortrait UIInterfaceOrientationPortraitUpsideDown UIInterfaceOrientationLandscapeLeft UIInterfaceOrientationLandscapeRight";
				INFOPLIST_KEY_UISupportedInterfaceOrientations_iPhone = "UIInterfaceOrientationPortrait UIInterfaceOrientationLandscapeLeft UIInterfaceOrientationLandscapeRight";
				LD_RUNPATH_SEARCH_PATHS = (
					"$(inherited)",
					"@executable_path/Frameworks",
				);
				MARKETING_VERSION = 1.0;
				PRODUCT_BUNDLE_IDENTIFIER = com.demo.ProductsDemo;
				PRODUCT_NAME = "$(TARGET_NAME)";
				SWIFT_EMIT_LOC_STRINGS = YES;
				SWIFT_VERSION = 5.0;
				TARGETED_DEVICE_FAMILY = "1,2";
			};
			name = Debug;
		};
		E2B486F4290DEA7800358AB9 /* Release */ = {
			isa = XCBuildConfiguration;
			baseConfigurationReference = BE7F79B1B2DC3026CB8A4905 /* Pods-ProductsDemo.release.xcconfig */;
			buildSettings = {
				ASSETCATALOG_COMPILER_APPICON_NAME = AppIcon;
				ASSETCATALOG_COMPILER_GLOBAL_ACCENT_COLOR_NAME = AccentColor;
				CODE_SIGN_STYLE = Automatic;
				CURRENT_PROJECT_VERSION = 1;
				DEVELOPMENT_ASSET_PATHS = "\"ProductsDemo/Preview Content\"";
				DEVELOPMENT_TEAM = 2Z23YJK7V9;
				ENABLE_PREVIEWS = YES;
				GENERATE_INFOPLIST_FILE = YES;
				INFOPLIST_KEY_UIApplicationSceneManifest_Generation = YES;
				INFOPLIST_KEY_UIApplicationSupportsIndirectInputEvents = YES;
				INFOPLIST_KEY_UILaunchScreen_Generation = YES;
				INFOPLIST_KEY_UISupportedInterfaceOrientations_iPad = "UIInterfaceOrientationPortrait UIInterfaceOrientationPortraitUpsideDown UIInterfaceOrientationLandscapeLeft UIInterfaceOrientationLandscapeRight";
				INFOPLIST_KEY_UISupportedInterfaceOrientations_iPhone = "UIInterfaceOrientationPortrait UIInterfaceOrientationLandscapeLeft UIInterfaceOrientationLandscapeRight";
				LD_RUNPATH_SEARCH_PATHS = (
					"$(inherited)",
					"@executable_path/Frameworks",
				);
				MARKETING_VERSION = 1.0;
				PRODUCT_BUNDLE_IDENTIFIER = com.demo.ProductsDemo;
				PRODUCT_NAME = "$(TARGET_NAME)";
				SWIFT_EMIT_LOC_STRINGS = YES;
				SWIFT_VERSION = 5.0;
				TARGETED_DEVICE_FAMILY = "1,2";
			};
			name = Release;
		};
		E2B486F6290DEA7800358AB9 /* Debug */ = {
			isa = XCBuildConfiguration;
			baseConfigurationReference = ED89C4E1D1AFC509C06931A2 /* Pods-ProductsDemoTests.debug.xcconfig */;
			buildSettings = {
				ALWAYS_EMBED_SWIFT_STANDARD_LIBRARIES = YES;
				BUNDLE_LOADER = "$(TEST_HOST)";
				CODE_SIGN_STYLE = Automatic;
				CURRENT_PROJECT_VERSION = 1;
				DEVELOPMENT_TEAM = 2Z23YJK7V9;
				GENERATE_INFOPLIST_FILE = YES;
				IPHONEOS_DEPLOYMENT_TARGET = 16.0;
				MARKETING_VERSION = 1.0;
				PRODUCT_BUNDLE_IDENTIFIER = com.demo.ProductsDemoTests;
				PRODUCT_NAME = "$(TARGET_NAME)";
				SWIFT_EMIT_LOC_STRINGS = NO;
				SWIFT_VERSION = 5.0;
				TARGETED_DEVICE_FAMILY = "1,2";
				TEST_HOST = "$(BUILT_PRODUCTS_DIR)/ProductsDemo.app/$(BUNDLE_EXECUTABLE_FOLDER_PATH)/ProductsDemo";
			};
			name = Debug;
		};
		E2B486F7290DEA7800358AB9 /* Release */ = {
			isa = XCBuildConfiguration;
			baseConfigurationReference = 5232BDA64748B023314D268B /* Pods-ProductsDemoTests.release.xcconfig */;
			buildSettings = {
				ALWAYS_EMBED_SWIFT_STANDARD_LIBRARIES = YES;
				BUNDLE_LOADER = "$(TEST_HOST)";
				CODE_SIGN_STYLE = Automatic;
				CURRENT_PROJECT_VERSION = 1;
				DEVELOPMENT_TEAM = 2Z23YJK7V9;
				GENERATE_INFOPLIST_FILE = YES;
				IPHONEOS_DEPLOYMENT_TARGET = 16.0;
				MARKETING_VERSION = 1.0;
				PRODUCT_BUNDLE_IDENTIFIER = com.demo.ProductsDemoTests;
				PRODUCT_NAME = "$(TARGET_NAME)";
				SWIFT_EMIT_LOC_STRINGS = NO;
				SWIFT_VERSION = 5.0;
				TARGETED_DEVICE_FAMILY = "1,2";
				TEST_HOST = "$(BUILT_PRODUCTS_DIR)/ProductsDemo.app/$(BUNDLE_EXECUTABLE_FOLDER_PATH)/ProductsDemo";
			};
			name = Release;
		};
		E2B486F9290DEA7800358AB9 /* Debug */ = {
			isa = XCBuildConfiguration;
			baseConfigurationReference = 0127AC3E9E283CAEF15EC111 /* Pods-ProductsDemo-ProductsDemoUITests.debug.xcconfig */;
			buildSettings = {
				ALWAYS_EMBED_SWIFT_STANDARD_LIBRARIES = YES;
				CODE_SIGN_STYLE = Automatic;
				CURRENT_PROJECT_VERSION = 1;
				DEVELOPMENT_TEAM = 2Z23YJK7V9;
				GENERATE_INFOPLIST_FILE = YES;
				MARKETING_VERSION = 1.0;
				PRODUCT_BUNDLE_IDENTIFIER = com.demo.ProductsDemoUITests;
				PRODUCT_NAME = "$(TARGET_NAME)";
				SWIFT_EMIT_LOC_STRINGS = NO;
				SWIFT_VERSION = 5.0;
				TARGETED_DEVICE_FAMILY = "1,2";
				TEST_TARGET_NAME = ProductsDemo;
			};
			name = Debug;
		};
		E2B486FA290DEA7800358AB9 /* Release */ = {
			isa = XCBuildConfiguration;
			baseConfigurationReference = 995DE99B0801BF5372B4102D /* Pods-ProductsDemo-ProductsDemoUITests.release.xcconfig */;
			buildSettings = {
				ALWAYS_EMBED_SWIFT_STANDARD_LIBRARIES = YES;
				CODE_SIGN_STYLE = Automatic;
				CURRENT_PROJECT_VERSION = 1;
				DEVELOPMENT_TEAM = 2Z23YJK7V9;
				GENERATE_INFOPLIST_FILE = YES;
				MARKETING_VERSION = 1.0;
				PRODUCT_BUNDLE_IDENTIFIER = com.demo.ProductsDemoUITests;
				PRODUCT_NAME = "$(TARGET_NAME)";
				SWIFT_EMIT_LOC_STRINGS = NO;
				SWIFT_VERSION = 5.0;
				TARGETED_DEVICE_FAMILY = "1,2";
				TEST_TARGET_NAME = ProductsDemo;
			};
			name = Release;
		};
/* End XCBuildConfiguration section */

/* Begin XCConfigurationList section */
		E2B486C9290DEA7700358AB9 /* Build configuration list for PBXProject "ProductsDemo" */ = {
			isa = XCConfigurationList;
			buildConfigurations = (
				E2B486F0290DEA7800358AB9 /* Debug */,
				E2B486F1290DEA7800358AB9 /* Release */,
			);
			defaultConfigurationIsVisible = 0;
			defaultConfigurationName = Release;
		};
		E2B486F2290DEA7800358AB9 /* Build configuration list for PBXNativeTarget "ProductsDemo" */ = {
			isa = XCConfigurationList;
			buildConfigurations = (
				E2B486F3290DEA7800358AB9 /* Debug */,
				E2B486F4290DEA7800358AB9 /* Release */,
			);
			defaultConfigurationIsVisible = 0;
			defaultConfigurationName = Release;
		};
		E2B486F5290DEA7800358AB9 /* Build configuration list for PBXNativeTarget "ProductsDemoTests" */ = {
			isa = XCConfigurationList;
			buildConfigurations = (
				E2B486F6290DEA7800358AB9 /* Debug */,
				E2B486F7290DEA7800358AB9 /* Release */,
			);
			defaultConfigurationIsVisible = 0;
			defaultConfigurationName = Release;
		};
		E2B486F8290DEA7800358AB9 /* Build configuration list for PBXNativeTarget "ProductsDemoUITests" */ = {
			isa = XCConfigurationList;
			buildConfigurations = (
				E2B486F9290DEA7800358AB9 /* Debug */,
				E2B486FA290DEA7800358AB9 /* Release */,
			);
			defaultConfigurationIsVisible = 0;
			defaultConfigurationName = Release;
		};
/* End XCConfigurationList section */
	};
	rootObject = E2B486C6290DEA7700358AB9 /* Project object */;
}
